
Microsoft Visual Studio Solution File, Format Version 12.00
# Visual Studio Version 16
VisualStudioVersion = 16.0.30225.117
MinimumVisualStudioVersion = 10.0.40219.1
Project("{FAE04EC0-301F-11D3-BF4B-00C04F79EFBC}") = "SberbankProject", "SberbankProject\SberbankProject.csproj", "{CB0C835B-2B4E-4E7C-9EBA-F9691D8DCA6B}"
EndProject
Project("{2150E333-8FDC-42A3-9474-1A3956D46DE8}") = "Solution Items", "Solution Items", "{B792A997-0BF8-415F-9F91-8D3DC66177BB}"
EndProject
Global
	GlobalSection(SolutionConfigurationPlatforms) = preSolution
		Debug|Any CPU = Debug|Any CPU
		Release|Any CPU = Release|Any CPU
	EndGlobalSection
	GlobalSection(ProjectConfigurationPlatforms) = postSolution
		{CB0C835B-2B4E-4E7C-9EBA-F9691D8DCA6B}.Debug|Any CPU.ActiveCfg = Debug|Any CPU
		{CB0C835B-2B4E-4E7C-9EBA-F9691D8DCA6B}.Debug|Any CPU.Build.0 = Debug|Any CPU
		{CB0C835B-2B4E-4E7C-9EBA-F9691D8DCA6B}.Release|Any CPU.ActiveCfg = Release|Any CPU
		{CB0C835B-2B4E-4E7C-9EBA-F9691D8DCA6B}.Release|Any CPU.Build.0 = Release|Any CPU
	EndGlobalSection
	GlobalSection(SolutionProperties) = preSolution
		HideSolutionNode = FALSE
	EndGlobalSection
	GlobalSection(ExtensibilityGlobals) = postSolution
		SolutionGuid = {021CED3C-4352-4603-AEF7-0BB2F998BD27}
	EndGlobalSection
EndGlobal
